{
  "version": 4,
  "terraform_version": "1.3.3",
  "serial": 722,
  "lineage": "06bc48b3-8497-d768-c4b1-daf55925746a",
  "outputs": {
    "account_id": {
      "value": "874981734016",
      "type": "string"
    },
    "private_ip_addr": {
      "value": [
        "10.0.1.69",
        "10.0.1.234",
        "10.0.1.23"
      ],
      "type": [
        "tuple",
        [
          "string",
          "string",
          "string"
        ]
      ]
    },
    "private_ip_addr1": {
      "value": "10.0.1.69",
      "type": "string"
    },
    "private_ip_addr2": {
      "value": "10.0.1.234",
      "type": "string"
    },
    "profile": {
      "value": "test",
      "type": "string"
    },
    "public_ip_addr": {
      "value": [
        "52.42.163.6",
        "35.88.31.54",
        "54.244.196.106"
      ],
      "type": [
        "tuple",
        [
          "string",
          "string",
          "string"
        ]
      ]
    }
  },
  "resources": [
    {
      "mode": "data",
      "type": "aws_caller_identity",
      "name": "current",
      "provider": "provider[\"registry.terraform.io/hashicorp/aws\"]",
      "instances": [
        {
          "schema_version": 0,
          "attributes": {
            "account_id": "874981734016",
            "arn": "arn:aws:iam::874981734016:user/ninasquad",
            "id": "874981734016",
            "user_id": "AIDA4XOHZW2AM7FDONGEF"
          },
          "sensitive_attributes": []
        }
      ]
    },
    {
      "mode": "data",
      "type": "template_file",
      "name": "user-data",
      "provider": "provider[\"registry.terraform.io/hashicorp/template\"]",
      "instances": [
        {
          "index_key": 0,
          "schema_version": 0,
          "attributes": {
            "filename": null,
            "id": "604ed602dfc418bde4f66185a9b6ebd29e27cac806638aa0819b144163e769cf",
            "rendered": "#!/bin/bash\n\napt update -y\n\nsudo apt  install awscli -y\n\n############# ZOOKEEPER PRIVATE CONFIGURATION ##############\n\nZOOKEEPER_VERSION=3.7.1\n\napt install default-jdk -y\n\nmkdir -p /zk \u0026\u0026 useradd -r -d /zk -s /usr/sbin/nologin zoo\n\nmkdir -p /opt/zookeeper \u0026\u0026 \\\n    curl \"https://dlcdn.apache.org/zookeeper/zookeeper-$ZOOKEEPER_VERSION/apache-zookeeper-$ZOOKEEPER_VERSION-bin.tar.gz\" \\\n    -o /opt/zookeeper/zookeeper.tar.gz \u0026\u0026 \\\n    mkdir -p /zk \u0026\u0026 cd /zk \u0026\u0026 \\\n    tar -xvzf /opt/zookeeper/zookeeper.tar.gz --strip 1\n\nchown -R zoo:zoo /zk\n\nsudo -u zoo mkdir -p /zk/data\nsudo -u zoo mkdir -p /zk/data-log\nsudo -u zoo mkdir -p /zk/logs\n\ncat \u003e /etc/systemd/system/zookeeper.service \u003c\u003c EOF\n[Unit]\nDescription=Zookeeper Daemon\nDocumentation=http://zookeeper.apache.org\nRequires=network.target\nAfter=network.target\n[Service]\nType=forking\nWorkingDirectory=/zk\nUser=zoo\nGroup=zoo\nExecStart=/bin/sh -c '/zk/bin/zkServer.sh start /zk/conf/zoo.cfg \u003e /zk/logs/start-zk.log 2\u003e\u00261'\nExecStop=/zk/bin/zkServer.sh stop /zk/conf/zoo.cfg\nExecReload=/zk/bin/zkServer.sh restart /zk/conf/zoo.cfg\nTimeoutSec=30\nRestart=on-failure\n[Install]\nWantedBy=default.target\nEOF\n\n\nsystemctl daemon-reload\nsystemctl enable zookeeper\n\nsudo cat \u003e /zk/data/myid \u003c\u003c EOF\n1\nEOF\n\nstring=\"$(aws ssm get-parameter --name \"/test/private-ip\" --query \"Parameter.Value\" --output text --region us-west-2)\"\narray=(`echo $string | sed 's/,/\\n/g'`)\nserver1_private=\"${array[0]}\"\nserver2_private=\"${array[1]}\"\nserver3_private=\"${array[2]}\"\n\nsudo cat \u003e /zk/conf/zoo.cfg \u003c\u003c EOF\ntickTime=2000\ninitLimit=10\nsyncLimit=5\nclientPort=2181\ndataDir=/zk/data\ndataLogDir=/zk/data-log\nmaxClientCnxns=60\nautopurge.snapRetainCount=3\nautopurge.purgeInterval=1\nserver.1=0.0.0.0:2888:3888\nserver.2=$server2_private:2888:3888\nserver.3=$server3_private:2888:3888\nEOF\n\n\n\n\n############# KAFKA PUBLIC CONFIGURATION ##############\n\nKAFKA_VERSION=3.2.0\n\nmkdir -p /kafka \u0026\u0026 useradd -r -d /kafka -s /usr/sbin/nologin kafka\n\nmkdir -p /opt/kafka \u0026\u0026 \\\n    curl \"https://archive.apache.org/dist/kafka/$KAFKA_VERSION/kafka_2.13-$KAFKA_VERSION.tgz\" \\\n    -o /opt/kafka/kafka.tar.gz \u0026\u0026 \\\n    mkdir -p /kafka \u0026\u0026 cd /kafka \u0026\u0026 \\\n    tar -xvzf /opt/kafka/kafka.tar.gz --strip 1\n\nchown -R kafka:kafka /kafka\nsudo -u kafka mkdir -p /kafka/log\nsudo -u kafka mkdir -p /kafka/logs\n\n\ncat \u003e /etc/systemd/system/kafka.service \u003c\u003c EOF\n[Unit]\nDescription=Apache Kafka Server\nDocumentation=http://kafka.apache.org/documentation.html\nRequires=network.target\nAfter=network.target\n[Service]\nType=simple\nWorkingDirectory=/kafka\nUser=kafka\nGroup=kafka\nExecStart=/bin/sh -c '/kafka/bin/kafka-server-start.sh /kafka/config/server.properties \u003e /kafka/logs/start-kafka.log 2\u003e\u00261'\nExecStop=/kafka/bin/kafka-server-stop.sh\nTimeoutSec=30\nRestart=on-failure\n[Install]\nWantedBy=multi-user.target\nEOF\n\nsystemctl daemon-reload\nsystemctl enable kafka\n\nmv /kafka/config/server.properties /kafka/config/server.properties-backup\n\nstring=\"$(aws ssm get-parameter --name \"/test/public-ip\" --query \"Parameter.Value\" --output text --region us-west-2)\"\narray=(`echo $string | sed 's/,/\\n/g'`)\nserver1_public=\"${array[0]}\"\nserver2_public=\"${array[1]}\"\nserver3_public=\"${array[2]}\"\n\nsudo cat \u003e /kafka/config/server.properties \u003c\u003c EOF\nbroker.id=0\nnum.network.threads=3\nnum.io.threads=8\nsocket.send.buffer.bytes=102400\nsocket.receive.buffer.bytes=102400\nsocket.request.max.bytes=104857600\nlog.dirs=/kafka/log\nnum.partitions=1\nnum.recovery.threads.per.data.dir=1\noffsets.topic.replication.factor=1\ntransaction.state.log.replication.factor=1\ntransaction.state.log.min.isr=1\nlog.retention.hours=168\nlog.segment.bytes=1073741824\nlog.retention.check.interval.ms=300000\nzookeeper.connect=$server1_public:2181,$server2_public:2181,$server3_public:2181\nzookeeper.connection.timeout.ms=18000\ngroup.initial.rebalance.delay.ms=0\nadvertised.listeners=PLAINTEXT://$server1_public:9092\nEOF\n\nsudo systemctl start zookeeper\nsudo systemctl start kafka",
            "template": "#!/bin/bash\n\napt update -y\n\nsudo apt  install awscli -y\n\n############# ZOOKEEPER PRIVATE CONFIGURATION ##############\n\nZOOKEEPER_VERSION=3.7.1\n\napt install default-jdk -y\n\nmkdir -p /zk \u0026\u0026 useradd -r -d /zk -s /usr/sbin/nologin zoo\n\nmkdir -p /opt/zookeeper \u0026\u0026 \\\n    curl \"https://dlcdn.apache.org/zookeeper/zookeeper-$ZOOKEEPER_VERSION/apache-zookeeper-$ZOOKEEPER_VERSION-bin.tar.gz\" \\\n    -o /opt/zookeeper/zookeeper.tar.gz \u0026\u0026 \\\n    mkdir -p /zk \u0026\u0026 cd /zk \u0026\u0026 \\\n    tar -xvzf /opt/zookeeper/zookeeper.tar.gz --strip 1\n\nchown -R zoo:zoo /zk\n\nsudo -u zoo mkdir -p /zk/data\nsudo -u zoo mkdir -p /zk/data-log\nsudo -u zoo mkdir -p /zk/logs\n\ncat \u003e /etc/systemd/system/zookeeper.service \u003c\u003c EOF\n[Unit]\nDescription=Zookeeper Daemon\nDocumentation=http://zookeeper.apache.org\nRequires=network.target\nAfter=network.target\n[Service]\nType=forking\nWorkingDirectory=/zk\nUser=zoo\nGroup=zoo\nExecStart=/bin/sh -c '/zk/bin/zkServer.sh start /zk/conf/zoo.cfg \u003e /zk/logs/start-zk.log 2\u003e\u00261'\nExecStop=/zk/bin/zkServer.sh stop /zk/conf/zoo.cfg\nExecReload=/zk/bin/zkServer.sh restart /zk/conf/zoo.cfg\nTimeoutSec=30\nRestart=on-failure\n[Install]\nWantedBy=default.target\nEOF\n\n\nsystemctl daemon-reload\nsystemctl enable zookeeper\n\nsudo cat \u003e /zk/data/myid \u003c\u003c EOF\n1\nEOF\n\nstring=\"$(aws ssm get-parameter --name \"/test/private-ip\" --query \"Parameter.Value\" --output text --region us-west-2)\"\narray=(`echo $string | sed 's/,/\\n/g'`)\nserver1_private=\"$${array[0]}\"\nserver2_private=\"$${array[1]}\"\nserver3_private=\"$${array[2]}\"\n\nsudo cat \u003e /zk/conf/zoo.cfg \u003c\u003c EOF\ntickTime=2000\ninitLimit=10\nsyncLimit=5\nclientPort=2181\ndataDir=/zk/data\ndataLogDir=/zk/data-log\nmaxClientCnxns=60\nautopurge.snapRetainCount=3\nautopurge.purgeInterval=1\nserver.1=0.0.0.0:2888:3888\nserver.2=$server2_private:2888:3888\nserver.3=$server3_private:2888:3888\nEOF\n\n\n\n\n############# KAFKA PUBLIC CONFIGURATION ##############\n\nKAFKA_VERSION=3.2.0\n\nmkdir -p /kafka \u0026\u0026 useradd -r -d /kafka -s /usr/sbin/nologin kafka\n\nmkdir -p /opt/kafka \u0026\u0026 \\\n    curl \"https://archive.apache.org/dist/kafka/$KAFKA_VERSION/kafka_2.13-$KAFKA_VERSION.tgz\" \\\n    -o /opt/kafka/kafka.tar.gz \u0026\u0026 \\\n    mkdir -p /kafka \u0026\u0026 cd /kafka \u0026\u0026 \\\n    tar -xvzf /opt/kafka/kafka.tar.gz --strip 1\n\nchown -R kafka:kafka /kafka\nsudo -u kafka mkdir -p /kafka/log\nsudo -u kafka mkdir -p /kafka/logs\n\n\ncat \u003e /etc/systemd/system/kafka.service \u003c\u003c EOF\n[Unit]\nDescription=Apache Kafka Server\nDocumentation=http://kafka.apache.org/documentation.html\nRequires=network.target\nAfter=network.target\n[Service]\nType=simple\nWorkingDirectory=/kafka\nUser=kafka\nGroup=kafka\nExecStart=/bin/sh -c '/kafka/bin/kafka-server-start.sh /kafka/config/server.properties \u003e /kafka/logs/start-kafka.log 2\u003e\u00261'\nExecStop=/kafka/bin/kafka-server-stop.sh\nTimeoutSec=30\nRestart=on-failure\n[Install]\nWantedBy=multi-user.target\nEOF\n\nsystemctl daemon-reload\nsystemctl enable kafka\n\nmv /kafka/config/server.properties /kafka/config/server.properties-backup\n\nstring=\"$(aws ssm get-parameter --name \"/test/public-ip\" --query \"Parameter.Value\" --output text --region us-west-2)\"\narray=(`echo $string | sed 's/,/\\n/g'`)\nserver1_public=\"$${array[0]}\"\nserver2_public=\"$${array[1]}\"\nserver3_public=\"$${array[2]}\"\n\nsudo cat \u003e /kafka/config/server.properties \u003c\u003c EOF\nbroker.id=0\nnum.network.threads=3\nnum.io.threads=8\nsocket.send.buffer.bytes=102400\nsocket.receive.buffer.bytes=102400\nsocket.request.max.bytes=104857600\nlog.dirs=/kafka/log\nnum.partitions=1\nnum.recovery.threads.per.data.dir=1\noffsets.topic.replication.factor=1\ntransaction.state.log.replication.factor=1\ntransaction.state.log.min.isr=1\nlog.retention.hours=168\nlog.segment.bytes=1073741824\nlog.retention.check.interval.ms=300000\nzookeeper.connect=$server1_public:2181,$server2_public:2181,$server3_public:2181\nzookeeper.connection.timeout.ms=18000\ngroup.initial.rebalance.delay.ms=0\nadvertised.listeners=PLAINTEXT://$server1_public:9092\nEOF\n\nsudo systemctl start zookeeper\nsudo systemctl start kafka",
            "vars": null
          },
          "sensitive_attributes": []
        },
        {
          "index_key": 1,
          "schema_version": 0,
          "attributes": {
            "filename": null,
            "id": "a1688631c23ec3a06658c8b4c4640311a912f8e30a2fbbd057d3e8cbcfea5e12",
            "rendered": "#!/bin/bash\n\napt update -y\n\nsudo apt  install awscli -y\n\n#sudo apt  install jq -y\n\nZOOKEEPER_VERSION=3.7.1\n\napt install default-jdk -y\n\nmkdir -p /zk \u0026\u0026 useradd -r -d /zk -s /usr/sbin/nologin zoo\n\nmkdir -p /opt/zookeeper \u0026\u0026 \\\n    curl \"https://dlcdn.apache.org/zookeeper/zookeeper-$ZOOKEEPER_VERSION/apache-zookeeper-$ZOOKEEPER_VERSION-bin.tar.gz\" \\\n    -o /opt/zookeeper/zookeeper.tar.gz \u0026\u0026 \\\n    mkdir -p /zk \u0026\u0026 cd /zk \u0026\u0026 \\\n    tar -xvzf /opt/zookeeper/zookeeper.tar.gz --strip 1\n\nchown -R zoo:zoo /zk\n\nsudo -u zoo mkdir -p /zk/data\nsudo -u zoo mkdir -p /zk/data-log\nsudo -u zoo mkdir -p /zk/logs\n\ncat \u003e /etc/systemd/system/zookeeper.service \u003c\u003c EOF\n[Unit]\nDescription=Zookeeper Daemon\nDocumentation=http://zookeeper.apache.org\nRequires=network.target\nAfter=network.target\n[Service]\nType=forking\nWorkingDirectory=/zk\nUser=zoo\nGroup=zoo\nExecStart=/bin/sh -c '/zk/bin/zkServer.sh start /zk/conf/zoo.cfg \u003e /zk/logs/start-zk.log 2\u003e\u00261'\nExecStop=/zk/bin/zkServer.sh stop /zk/conf/zoo.cfg\nExecReload=/zk/bin/zkServer.sh restart /zk/conf/zoo.cfg\nTimeoutSec=30\nRestart=on-failure\n[Install]\nWantedBy=default.target\nEOF\n\n\nsystemctl daemon-reload\nsystemctl enable zookeeper\n\nsudo cat \u003e /zk/data/myid \u003c\u003c EOF\n2\nEOF\n\nstring=\"$(aws ssm get-parameter --name \"/test/private-ip\" --query \"Parameter.Value\" --output text --region us-west-2)\"\narray=(`echo $string | sed 's/,/\\n/g'`)\nserver1_private=\"${array[0]}\"\nserver2_private=\"${array[1]}\"\nserver3_private=\"${array[2]}\"\n\nsudo cat \u003e /zk/conf/zoo.cfg \u003c\u003c EOF\ntickTime=2000\ninitLimit=10\nsyncLimit=5\nclientPort=2181\ndataDir=/zk/data\ndataLogDir=/zk/data-log\nmaxClientCnxns=60\nautopurge.snapRetainCount=3\nautopurge.purgeInterval=1\nserver.1=$server1_private:2888:3888\nserver.2=0.0.0.0:2888:3888\nserver.3=$server3_private:2888:3888\nEOF\n\n\n\n############# KAFKA PUBLIC CONFIGURATION ##############\n\nKAFKA_VERSION=3.2.0\n\nmkdir -p /kafka \u0026\u0026 useradd -r -d /kafka -s /usr/sbin/nologin kafka\n\nmkdir -p /opt/kafka \u0026\u0026 \\\n    curl \"https://archive.apache.org/dist/kafka/$KAFKA_VERSION/kafka_2.13-$KAFKA_VERSION.tgz\" \\\n    -o /opt/kafka/kafka.tar.gz \u0026\u0026 \\\n    mkdir -p /kafka \u0026\u0026 cd /kafka \u0026\u0026 \\\n    tar -xvzf /opt/kafka/kafka.tar.gz --strip 1\n\nchown -R kafka:kafka /kafka\nsudo -u kafka mkdir -p /kafka/log\nsudo -u kafka mkdir -p /kafka/logs\n\n\ncat \u003e /etc/systemd/system/kafka.service \u003c\u003c EOF\n[Unit]\nDescription=Apache Kafka Server\nDocumentation=http://kafka.apache.org/documentation.html\nRequires=network.target\nAfter=network.target\n[Service]\nType=simple\nWorkingDirectory=/kafka\nUser=kafka\nGroup=kafka\nExecStart=/bin/sh -c '/kafka/bin/kafka-server-start.sh /kafka/config/server.properties \u003e /kafka/logs/start-kafka.log 2\u003e\u00261'\nExecStop=/kafka/bin/kafka-server-stop.sh\nTimeoutSec=30\nRestart=on-failure\n[Install]\nWantedBy=multi-user.target\nEOF\n\nsystemctl daemon-reload\nsystemctl enable kafka\n\nmv /kafka/config/server.properties /kafka/config/server.properties-backup\n\nstring=\"$(aws ssm get-parameter --name \"/test/public-ip\" --query \"Parameter.Value\" --output text --region us-west-2)\"\narray=(`echo $string | sed 's/,/\\n/g'`)\nserver1_public=\"${array[0]}\"\nserver2_public=\"${array[1]}\"\nserver3_public=\"${array[2]}\"\n\nsudo cat \u003e /kafka/config/server.properties \u003c\u003c EOF\nbroker.id=1\nnum.network.threads=3\nnum.io.threads=8\nsocket.send.buffer.bytes=102400\nsocket.receive.buffer.bytes=102400\nsocket.request.max.bytes=104857600\nlog.dirs=/kafka/log\nnum.partitions=1\nnum.recovery.threads.per.data.dir=1\noffsets.topic.replication.factor=1\ntransaction.state.log.replication.factor=1\ntransaction.state.log.min.isr=1\nlog.retention.hours=168\nlog.segment.bytes=1073741824\nlog.retention.check.interval.ms=300000\nzookeeper.connect=$server1_public:2181,$server2_public:2181,$server3_public:2181\nzookeeper.connection.timeout.ms=18000\ngroup.initial.rebalance.delay.ms=0\nadvertised.listeners=PLAINTEXT://$server2_public:9092\nEOF\n\nsudo systemctl start zookeeper\nsudo systemctl start kafka",
            "template": "#!/bin/bash\n\napt update -y\n\nsudo apt  install awscli -y\n\n#sudo apt  install jq -y\n\nZOOKEEPER_VERSION=3.7.1\n\napt install default-jdk -y\n\nmkdir -p /zk \u0026\u0026 useradd -r -d /zk -s /usr/sbin/nologin zoo\n\nmkdir -p /opt/zookeeper \u0026\u0026 \\\n    curl \"https://dlcdn.apache.org/zookeeper/zookeeper-$ZOOKEEPER_VERSION/apache-zookeeper-$ZOOKEEPER_VERSION-bin.tar.gz\" \\\n    -o /opt/zookeeper/zookeeper.tar.gz \u0026\u0026 \\\n    mkdir -p /zk \u0026\u0026 cd /zk \u0026\u0026 \\\n    tar -xvzf /opt/zookeeper/zookeeper.tar.gz --strip 1\n\nchown -R zoo:zoo /zk\n\nsudo -u zoo mkdir -p /zk/data\nsudo -u zoo mkdir -p /zk/data-log\nsudo -u zoo mkdir -p /zk/logs\n\ncat \u003e /etc/systemd/system/zookeeper.service \u003c\u003c EOF\n[Unit]\nDescription=Zookeeper Daemon\nDocumentation=http://zookeeper.apache.org\nRequires=network.target\nAfter=network.target\n[Service]\nType=forking\nWorkingDirectory=/zk\nUser=zoo\nGroup=zoo\nExecStart=/bin/sh -c '/zk/bin/zkServer.sh start /zk/conf/zoo.cfg \u003e /zk/logs/start-zk.log 2\u003e\u00261'\nExecStop=/zk/bin/zkServer.sh stop /zk/conf/zoo.cfg\nExecReload=/zk/bin/zkServer.sh restart /zk/conf/zoo.cfg\nTimeoutSec=30\nRestart=on-failure\n[Install]\nWantedBy=default.target\nEOF\n\n\nsystemctl daemon-reload\nsystemctl enable zookeeper\n\nsudo cat \u003e /zk/data/myid \u003c\u003c EOF\n2\nEOF\n\nstring=\"$(aws ssm get-parameter --name \"/test/private-ip\" --query \"Parameter.Value\" --output text --region us-west-2)\"\narray=(`echo $string | sed 's/,/\\n/g'`)\nserver1_private=\"$${array[0]}\"\nserver2_private=\"$${array[1]}\"\nserver3_private=\"$${array[2]}\"\n\nsudo cat \u003e /zk/conf/zoo.cfg \u003c\u003c EOF\ntickTime=2000\ninitLimit=10\nsyncLimit=5\nclientPort=2181\ndataDir=/zk/data\ndataLogDir=/zk/data-log\nmaxClientCnxns=60\nautopurge.snapRetainCount=3\nautopurge.purgeInterval=1\nserver.1=$server1_private:2888:3888\nserver.2=0.0.0.0:2888:3888\nserver.3=$server3_private:2888:3888\nEOF\n\n\n\n############# KAFKA PUBLIC CONFIGURATION ##############\n\nKAFKA_VERSION=3.2.0\n\nmkdir -p /kafka \u0026\u0026 useradd -r -d /kafka -s /usr/sbin/nologin kafka\n\nmkdir -p /opt/kafka \u0026\u0026 \\\n    curl \"https://archive.apache.org/dist/kafka/$KAFKA_VERSION/kafka_2.13-$KAFKA_VERSION.tgz\" \\\n    -o /opt/kafka/kafka.tar.gz \u0026\u0026 \\\n    mkdir -p /kafka \u0026\u0026 cd /kafka \u0026\u0026 \\\n    tar -xvzf /opt/kafka/kafka.tar.gz --strip 1\n\nchown -R kafka:kafka /kafka\nsudo -u kafka mkdir -p /kafka/log\nsudo -u kafka mkdir -p /kafka/logs\n\n\ncat \u003e /etc/systemd/system/kafka.service \u003c\u003c EOF\n[Unit]\nDescription=Apache Kafka Server\nDocumentation=http://kafka.apache.org/documentation.html\nRequires=network.target\nAfter=network.target\n[Service]\nType=simple\nWorkingDirectory=/kafka\nUser=kafka\nGroup=kafka\nExecStart=/bin/sh -c '/kafka/bin/kafka-server-start.sh /kafka/config/server.properties \u003e /kafka/logs/start-kafka.log 2\u003e\u00261'\nExecStop=/kafka/bin/kafka-server-stop.sh\nTimeoutSec=30\nRestart=on-failure\n[Install]\nWantedBy=multi-user.target\nEOF\n\nsystemctl daemon-reload\nsystemctl enable kafka\n\nmv /kafka/config/server.properties /kafka/config/server.properties-backup\n\nstring=\"$(aws ssm get-parameter --name \"/test/public-ip\" --query \"Parameter.Value\" --output text --region us-west-2)\"\narray=(`echo $string | sed 's/,/\\n/g'`)\nserver1_public=\"$${array[0]}\"\nserver2_public=\"$${array[1]}\"\nserver3_public=\"$${array[2]}\"\n\nsudo cat \u003e /kafka/config/server.properties \u003c\u003c EOF\nbroker.id=1\nnum.network.threads=3\nnum.io.threads=8\nsocket.send.buffer.bytes=102400\nsocket.receive.buffer.bytes=102400\nsocket.request.max.bytes=104857600\nlog.dirs=/kafka/log\nnum.partitions=1\nnum.recovery.threads.per.data.dir=1\noffsets.topic.replication.factor=1\ntransaction.state.log.replication.factor=1\ntransaction.state.log.min.isr=1\nlog.retention.hours=168\nlog.segment.bytes=1073741824\nlog.retention.check.interval.ms=300000\nzookeeper.connect=$server1_public:2181,$server2_public:2181,$server3_public:2181\nzookeeper.connection.timeout.ms=18000\ngroup.initial.rebalance.delay.ms=0\nadvertised.listeners=PLAINTEXT://$server2_public:9092\nEOF\n\nsudo systemctl start zookeeper\nsudo systemctl start kafka",
            "vars": null
          },
          "sensitive_attributes": []
        },
        {
          "index_key": 2,
          "schema_version": 0,
          "attributes": {
            "filename": null,
            "id": "18243f6a213c8492d7b1c6e3818475e85c87201222ac08015bd75b2122015242",
            "rendered": "#!/bin/bash\n\napt update -y\n\nsudo apt  install awscli -y\n\n#sudo apt  install jq -y\n\nZOOKEEPER_VERSION=3.7.1\n\napt install default-jdk -y\n\nmkdir -p /zk \u0026\u0026 useradd -r -d /zk -s /usr/sbin/nologin zoo\n\nmkdir -p /opt/zookeeper \u0026\u0026 \\\n    curl \"https://dlcdn.apache.org/zookeeper/zookeeper-$ZOOKEEPER_VERSION/apache-zookeeper-$ZOOKEEPER_VERSION-bin.tar.gz\" \\\n    -o /opt/zookeeper/zookeeper.tar.gz \u0026\u0026 \\\n    mkdir -p /zk \u0026\u0026 cd /zk \u0026\u0026 \\\n    tar -xvzf /opt/zookeeper/zookeeper.tar.gz --strip 1\n\nchown -R zoo:zoo /zk\n\nsudo -u zoo mkdir -p /zk/data\nsudo -u zoo mkdir -p /zk/data-log\nsudo -u zoo mkdir -p /zk/logs\n\ncat \u003e /etc/systemd/system/zookeeper.service \u003c\u003c EOF\n[Unit]\nDescription=Zookeeper Daemon\nDocumentation=http://zookeeper.apache.org\nRequires=network.target\nAfter=network.target\n[Service]\nType=forking\nWorkingDirectory=/zk\nUser=zoo\nGroup=zoo\nExecStart=/bin/sh -c '/zk/bin/zkServer.sh start /zk/conf/zoo.cfg \u003e /zk/logs/start-zk.log 2\u003e\u00261'\nExecStop=/zk/bin/zkServer.sh stop /zk/conf/zoo.cfg\nExecReload=/zk/bin/zkServer.sh restart /zk/conf/zoo.cfg\nTimeoutSec=30\nRestart=on-failure\n[Install]\nWantedBy=default.target\nEOF\n\n\nsystemctl daemon-reload\nsystemctl enable zookeeper\n\nsudo cat \u003e /zk/data/myid \u003c\u003c EOF\n3\nEOF\n\nstring=\"$(aws ssm get-parameter --name \"/test/private-ip\" --query \"Parameter.Value\" --output text --region us-west-2)\"\narray=(`echo $string | sed 's/,/\\n/g'`)\nserver1_private=\"${array[0]}\"\nserver2_private=\"${array[1]}\"\nserver3_private=\"${array[2]}\"\n\nsudo cat \u003e /zk/conf/zoo.cfg \u003c\u003c EOF\ntickTime=2000\ninitLimit=10\nsyncLimit=5\nclientPort=2181\ndataDir=/zk/data\ndataLogDir=/zk/data-log\nmaxClientCnxns=60\nautopurge.snapRetainCount=3\nautopurge.purgeInterval=1\nserver.1=$server1_private:2888:3888\nserver.2=$server2_private:2888:3888\nserver.3=0.0.0.0:2888:3888\nEOF\n\n\n\n############# KAFKA PUBLIC CONFIGURATION ##############\n\nKAFKA_VERSION=3.2.0\n\nmkdir -p /kafka \u0026\u0026 useradd -r -d /kafka -s /usr/sbin/nologin kafka\n\nmkdir -p /opt/kafka \u0026\u0026 \\\n    curl \"https://archive.apache.org/dist/kafka/$KAFKA_VERSION/kafka_2.13-$KAFKA_VERSION.tgz\" \\\n    -o /opt/kafka/kafka.tar.gz \u0026\u0026 \\\n    mkdir -p /kafka \u0026\u0026 cd /kafka \u0026\u0026 \\\n    tar -xvzf /opt/kafka/kafka.tar.gz --strip 1\n\nchown -R kafka:kafka /kafka\nsudo -u kafka mkdir -p /kafka/log\nsudo -u kafka mkdir -p /kafka/logs\n\n\ncat \u003e /etc/systemd/system/kafka.service \u003c\u003c EOF\n[Unit]\nDescription=Apache Kafka Server\nDocumentation=http://kafka.apache.org/documentation.html\nRequires=network.target\nAfter=network.target\n[Service]\nType=simple\nWorkingDirectory=/kafka\nUser=kafka\nGroup=kafka\nExecStart=/bin/sh -c '/kafka/bin/kafka-server-start.sh /kafka/config/server.properties \u003e /kafka/logs/start-kafka.log 2\u003e\u00261'\nExecStop=/kafka/bin/kafka-server-stop.sh\nTimeoutSec=30\nRestart=on-failure\n[Install]\nWantedBy=multi-user.target\nEOF\n\nsystemctl daemon-reload\nsystemctl enable kafka\n\nmv /kafka/config/server.properties /kafka/config/server.properties-backup\n\nstring=\"$(aws ssm get-parameter --name \"/test/public-ip\" --query \"Parameter.Value\" --output text --region us-west-2)\"\narray=(`echo $string | sed 's/,/\\n/g'`)\nserver1_public=\"${array[0]}\"\nserver2_public=\"${array[1]}\"\nserver3_public=\"${array[2]}\"\n\nsudo cat \u003e /kafka/config/server.properties \u003c\u003c EOF\nbroker.id=2\nnum.network.threads=3\nnum.io.threads=8\nsocket.send.buffer.bytes=102400\nsocket.receive.buffer.bytes=102400\nsocket.request.max.bytes=104857600\nlog.dirs=/kafka/log\nnum.partitions=1\nnum.recovery.threads.per.data.dir=1\noffsets.topic.replication.factor=1\ntransaction.state.log.replication.factor=1\ntransaction.state.log.min.isr=1\nlog.retention.hours=168\nlog.segment.bytes=1073741824\nlog.retention.check.interval.ms=300000\nzookeeper.connect=$server1_public:2181,$server2_public:2181,$server3_public:2181\nzookeeper.connection.timeout.ms=18000\ngroup.initial.rebalance.delay.ms=0\nadvertised.listeners=PLAINTEXT://$server3_public:9092\nEOF\n\nsudo systemctl start zookeeper\nsudo systemctl start kafka",
            "template": "#!/bin/bash\n\napt update -y\n\nsudo apt  install awscli -y\n\n#sudo apt  install jq -y\n\nZOOKEEPER_VERSION=3.7.1\n\napt install default-jdk -y\n\nmkdir -p /zk \u0026\u0026 useradd -r -d /zk -s /usr/sbin/nologin zoo\n\nmkdir -p /opt/zookeeper \u0026\u0026 \\\n    curl \"https://dlcdn.apache.org/zookeeper/zookeeper-$ZOOKEEPER_VERSION/apache-zookeeper-$ZOOKEEPER_VERSION-bin.tar.gz\" \\\n    -o /opt/zookeeper/zookeeper.tar.gz \u0026\u0026 \\\n    mkdir -p /zk \u0026\u0026 cd /zk \u0026\u0026 \\\n    tar -xvzf /opt/zookeeper/zookeeper.tar.gz --strip 1\n\nchown -R zoo:zoo /zk\n\nsudo -u zoo mkdir -p /zk/data\nsudo -u zoo mkdir -p /zk/data-log\nsudo -u zoo mkdir -p /zk/logs\n\ncat \u003e /etc/systemd/system/zookeeper.service \u003c\u003c EOF\n[Unit]\nDescription=Zookeeper Daemon\nDocumentation=http://zookeeper.apache.org\nRequires=network.target\nAfter=network.target\n[Service]\nType=forking\nWorkingDirectory=/zk\nUser=zoo\nGroup=zoo\nExecStart=/bin/sh -c '/zk/bin/zkServer.sh start /zk/conf/zoo.cfg \u003e /zk/logs/start-zk.log 2\u003e\u00261'\nExecStop=/zk/bin/zkServer.sh stop /zk/conf/zoo.cfg\nExecReload=/zk/bin/zkServer.sh restart /zk/conf/zoo.cfg\nTimeoutSec=30\nRestart=on-failure\n[Install]\nWantedBy=default.target\nEOF\n\n\nsystemctl daemon-reload\nsystemctl enable zookeeper\n\nsudo cat \u003e /zk/data/myid \u003c\u003c EOF\n3\nEOF\n\nstring=\"$(aws ssm get-parameter --name \"/test/private-ip\" --query \"Parameter.Value\" --output text --region us-west-2)\"\narray=(`echo $string | sed 's/,/\\n/g'`)\nserver1_private=\"$${array[0]}\"\nserver2_private=\"$${array[1]}\"\nserver3_private=\"$${array[2]}\"\n\nsudo cat \u003e /zk/conf/zoo.cfg \u003c\u003c EOF\ntickTime=2000\ninitLimit=10\nsyncLimit=5\nclientPort=2181\ndataDir=/zk/data\ndataLogDir=/zk/data-log\nmaxClientCnxns=60\nautopurge.snapRetainCount=3\nautopurge.purgeInterval=1\nserver.1=$server1_private:2888:3888\nserver.2=$server2_private:2888:3888\nserver.3=0.0.0.0:2888:3888\nEOF\n\n\n\n############# KAFKA PUBLIC CONFIGURATION ##############\n\nKAFKA_VERSION=3.2.0\n\nmkdir -p /kafka \u0026\u0026 useradd -r -d /kafka -s /usr/sbin/nologin kafka\n\nmkdir -p /opt/kafka \u0026\u0026 \\\n    curl \"https://archive.apache.org/dist/kafka/$KAFKA_VERSION/kafka_2.13-$KAFKA_VERSION.tgz\" \\\n    -o /opt/kafka/kafka.tar.gz \u0026\u0026 \\\n    mkdir -p /kafka \u0026\u0026 cd /kafka \u0026\u0026 \\\n    tar -xvzf /opt/kafka/kafka.tar.gz --strip 1\n\nchown -R kafka:kafka /kafka\nsudo -u kafka mkdir -p /kafka/log\nsudo -u kafka mkdir -p /kafka/logs\n\n\ncat \u003e /etc/systemd/system/kafka.service \u003c\u003c EOF\n[Unit]\nDescription=Apache Kafka Server\nDocumentation=http://kafka.apache.org/documentation.html\nRequires=network.target\nAfter=network.target\n[Service]\nType=simple\nWorkingDirectory=/kafka\nUser=kafka\nGroup=kafka\nExecStart=/bin/sh -c '/kafka/bin/kafka-server-start.sh /kafka/config/server.properties \u003e /kafka/logs/start-kafka.log 2\u003e\u00261'\nExecStop=/kafka/bin/kafka-server-stop.sh\nTimeoutSec=30\nRestart=on-failure\n[Install]\nWantedBy=multi-user.target\nEOF\n\nsystemctl daemon-reload\nsystemctl enable kafka\n\nmv /kafka/config/server.properties /kafka/config/server.properties-backup\n\nstring=\"$(aws ssm get-parameter --name \"/test/public-ip\" --query \"Parameter.Value\" --output text --region us-west-2)\"\narray=(`echo $string | sed 's/,/\\n/g'`)\nserver1_public=\"$${array[0]}\"\nserver2_public=\"$${array[1]}\"\nserver3_public=\"$${array[2]}\"\n\nsudo cat \u003e /kafka/config/server.properties \u003c\u003c EOF\nbroker.id=2\nnum.network.threads=3\nnum.io.threads=8\nsocket.send.buffer.bytes=102400\nsocket.receive.buffer.bytes=102400\nsocket.request.max.bytes=104857600\nlog.dirs=/kafka/log\nnum.partitions=1\nnum.recovery.threads.per.data.dir=1\noffsets.topic.replication.factor=1\ntransaction.state.log.replication.factor=1\ntransaction.state.log.min.isr=1\nlog.retention.hours=168\nlog.segment.bytes=1073741824\nlog.retention.check.interval.ms=300000\nzookeeper.connect=$server1_public:2181,$server2_public:2181,$server3_public:2181\nzookeeper.connection.timeout.ms=18000\ngroup.initial.rebalance.delay.ms=0\nadvertised.listeners=PLAINTEXT://$server3_public:9092\nEOF\n\nsudo systemctl start zookeeper\nsudo systemctl start kafka",
            "vars": null
          },
          "sensitive_attributes": []
        }
      ]
    },
    {
      "mode": "managed",
      "type": "aws_iam_instance_profile",
      "name": "vijay_profile",
      "provider": "provider[\"registry.terraform.io/hashicorp/aws\"]",
      "instances": [
        {
          "schema_version": 0,
          "attributes": {
            "arn": "arn:aws:iam::874981734016:instance-profile/vijay_profile",
            "create_date": "2022-10-25T04:45:08Z",
            "id": "vijay_profile",
            "name": "vijay_profile",
            "name_prefix": null,
            "path": "/",
            "role": "Instance-Role",
            "tags": null,
            "tags_all": {},
            "unique_id": "AIPA4XOHZW2AHUDMDKP7U"
          },
          "sensitive_attributes": [],
          "private": "bnVsbA==",
          "dependencies": [
            "aws_iam_role.access_role"
          ]
        }
      ]
    },
    {
      "mode": "managed",
      "type": "aws_iam_policy",
      "name": "policy1",
      "provider": "provider[\"registry.terraform.io/hashicorp/aws\"]",
      "instances": [
        {
          "schema_version": 0,
          "attributes": {
            "arn": "arn:aws:iam::874981734016:policy/ECR-Policy",
            "description": "Policy for pulling ECR images",
            "id": "arn:aws:iam::874981734016:policy/ECR-Policy",
            "name": "ECR-Policy",
            "name_prefix": null,
            "path": "/",
            "policy": "{\"Statement\":[{\"Action\":[\"ecr:*\",\"cloudtrail:LookupEvents\"],\"Effect\":\"Allow\",\"Resource\":\"*\"},{\"Action\":[\"iam:CreateServiceLinkedRole\"],\"Condition\":{\"StringEquals\":{\"iam:AWSServiceName\":[\"replication.ecr.amazonaws.com\"]}},\"Effect\":\"Allow\",\"Resource\":\"*\"}],\"Version\":\"2012-10-17\"}",
            "policy_id": "ANPA4XOHZW2AAQBBE4HDV",
            "tags": null,
            "tags_all": {}
          },
          "sensitive_attributes": [],
          "private": "bnVsbA=="
        }
      ]
    },
    {
      "mode": "managed",
      "type": "aws_iam_policy",
      "name": "policy2",
      "provider": "provider[\"registry.terraform.io/hashicorp/aws\"]",
      "instances": [
        {
          "schema_version": 0,
          "attributes": {
            "arn": "arn:aws:iam::874981734016:policy/EC2-Policy",
            "description": "Policy for EC2",
            "id": "arn:aws:iam::874981734016:policy/EC2-Policy",
            "name": "EC2-Policy",
            "name_prefix": null,
            "path": "/",
            "policy": "{\"Statement\":[{\"Action\":\"ec2:RunInstances\",\"Effect\":\"Allow\",\"Resource\":\"*\"},{\"Action\":[\"ec2:TerminateInstances\",\"ec2:StartInstances\",\"ec2:StopInstances\"],\"Effect\":\"Allow\",\"Resource\":\"*\"},{\"Action\":[\"ec2:CreateTags\",\"ec2:DescribeInstances\",\"ec2:DescribeInstanceStatus\",\"ec2:DescribeAddresses\",\"ec2:AssociateAddress\",\"ec2:DisassociateAddress\",\"ec2:DescribeRegions\",\"ec2:DescribeAvailabilityZones\"],\"Effect\":\"Allow\",\"Resource\":\"*\"}],\"Version\":\"2012-10-17\"}",
            "policy_id": "ANPA4XOHZW2AF32L73A3Q",
            "tags": null,
            "tags_all": {}
          },
          "sensitive_attributes": [],
          "private": "bnVsbA=="
        }
      ]
    },
    {
      "mode": "managed",
      "type": "aws_iam_policy",
      "name": "policy3",
      "provider": "provider[\"registry.terraform.io/hashicorp/aws\"]",
      "instances": [
        {
          "schema_version": 0,
          "attributes": {
            "arn": "arn:aws:iam::874981734016:policy/SSM-Policy",
            "description": "Policy for SSM",
            "id": "arn:aws:iam::874981734016:policy/SSM-Policy",
            "name": "SSM-Policy",
            "name_prefix": null,
            "path": "/",
            "policy": "{\"Statement\":[{\"Action\":[\"ssm:DescribeParameters\"],\"Effect\":\"Allow\",\"Resource\":\"*\"},{\"Action\":[\"ssm:GetParameters\",\"ssm:GetParameter\",\"ssm:GetParametersByPath\"],\"Effect\":\"Allow\",\"Resource\":\"arn:aws:ssm:us-west-2:874981734016:parameter/test/*\"}],\"Version\":\"2012-10-17\"}",
            "policy_id": "ANPA4XOHZW2ALNT3VLPGH",
            "tags": null,
            "tags_all": {}
          },
          "sensitive_attributes": [],
          "private": "bnVsbA=="
        }
      ]
    },
    {
      "mode": "managed",
      "type": "aws_iam_policy_attachment",
      "name": "policy-attach1",
      "provider": "provider[\"registry.terraform.io/hashicorp/aws\"]",
      "instances": [
        {
          "schema_version": 0,
          "attributes": {
            "groups": null,
            "id": "policy-attachment1",
            "name": "policy-attachment1",
            "policy_arn": "arn:aws:iam::874981734016:policy/ECR-Policy",
            "roles": [
              "Instance-Role"
            ],
            "users": null
          },
          "sensitive_attributes": [],
          "private": "bnVsbA==",
          "dependencies": [
            "aws_iam_policy.policy1",
            "aws_iam_role.access_role"
          ]
        }
      ]
    },
    {
      "mode": "managed",
      "type": "aws_iam_policy_attachment",
      "name": "policy-attach2",
      "provider": "provider[\"registry.terraform.io/hashicorp/aws\"]",
      "instances": [
        {
          "schema_version": 0,
          "attributes": {
            "groups": null,
            "id": "policy-attachment2",
            "name": "policy-attachment2",
            "policy_arn": "arn:aws:iam::874981734016:policy/EC2-Policy",
            "roles": [
              "Instance-Role"
            ],
            "users": null
          },
          "sensitive_attributes": [],
          "private": "bnVsbA==",
          "dependencies": [
            "aws_iam_policy.policy2",
            "aws_iam_role.access_role"
          ]
        }
      ]
    },
    {
      "mode": "managed",
      "type": "aws_iam_policy_attachment",
      "name": "policy-attach3",
      "provider": "provider[\"registry.terraform.io/hashicorp/aws\"]",
      "instances": [
        {
          "schema_version": 0,
          "attributes": {
            "groups": null,
            "id": "policy-attachment3",
            "name": "policy-attachment3",
            "policy_arn": "arn:aws:iam::874981734016:policy/SSM-Policy",
            "roles": [
              "Instance-Role"
            ],
            "users": null
          },
          "sensitive_attributes": [],
          "private": "bnVsbA==",
          "dependencies": [
            "aws_iam_policy.policy3",
            "aws_iam_role.access_role"
          ]
        }
      ]
    },
    {
      "mode": "managed",
      "type": "aws_iam_role",
      "name": "access_role",
      "provider": "provider[\"registry.terraform.io/hashicorp/aws\"]",
      "instances": [
        {
          "schema_version": 0,
          "attributes": {
            "arn": "arn:aws:iam::874981734016:role/Instance-Role",
            "assume_role_policy": "{\"Version\":\"2012-10-17\",\"Statement\":[{\"Sid\":\"\",\"Effect\":\"Allow\",\"Principal\":{\"Service\":\"ec2.amazonaws.com\"},\"Action\":\"sts:AssumeRole\"}]}",
            "create_date": "2022-10-25T04:45:06Z",
            "description": "",
            "force_detach_policies": false,
            "id": "Instance-Role",
            "inline_policy": [
              {
                "name": "",
                "policy": ""
              }
            ],
            "managed_policy_arns": [],
            "max_session_duration": 3600,
            "name": "Instance-Role",
            "name_prefix": "",
            "path": "/",
            "permissions_boundary": null,
            "tags": null,
            "tags_all": {},
            "unique_id": "AROA4XOHZW2ADXCF5WEPP"
          },
          "sensitive_attributes": [],
          "private": "bnVsbA=="
        }
      ]
    },
    {
      "mode": "managed",
      "type": "aws_instance",
      "name": "VIJAY-TERRAFORM",
      "provider": "provider[\"registry.terraform.io/hashicorp/aws\"]",
      "instances": [
        {
          "index_key": 0,
          "schema_version": 1,
          "attributes": {
            "ami": "ami-017fecd1353bcc96e",
            "arn": "arn:aws:ec2:us-west-2:874981734016:instance/i-03d138f7a04c5d0b2",
            "associate_public_ip_address": true,
            "availability_zone": "us-west-2a",
            "capacity_reservation_specification": [
              {
                "capacity_reservation_preference": "open",
                "capacity_reservation_target": []
              }
            ],
            "cpu_core_count": 2,
            "cpu_threads_per_core": 1,
            "credit_specification": [
              {
                "cpu_credits": "standard"
              }
            ],
            "disable_api_termination": false,
            "ebs_block_device": [],
            "ebs_optimized": false,
            "enclave_options": [
              {
                "enabled": false
              }
            ],
            "ephemeral_block_device": [],
            "get_password_data": false,
            "hibernation": false,
            "host_id": null,
            "iam_instance_profile": "vijay_profile",
            "id": "i-03d138f7a04c5d0b2",
            "instance_initiated_shutdown_behavior": "stop",
            "instance_state": "running",
            "instance_type": "t2.medium",
            "ipv6_address_count": 0,
            "ipv6_addresses": [],
            "key_name": "ninaquad",
            "launch_template": [],
            "metadata_options": [
              {
                "http_endpoint": "enabled",
                "http_put_response_hop_limit": 1,
                "http_tokens": "optional",
                "instance_metadata_tags": "disabled"
              }
            ],
            "monitoring": false,
            "network_interface": [],
            "outpost_arn": "",
            "password_data": "",
            "placement_group": "",
            "placement_partition_number": null,
            "primary_network_interface_id": "eni-0c0f5480fc9b5bda2",
            "private_dns": "ip-10-0-1-69.us-west-2.compute.internal",
            "private_ip": "10.0.1.69",
            "public_dns": "ec2-52-42-163-6.us-west-2.compute.amazonaws.com",
            "public_ip": "52.42.163.6",
            "root_block_device": [
              {
                "delete_on_termination": true,
                "device_name": "/dev/sda1",
                "encrypted": false,
                "iops": 100,
                "kms_key_id": "",
                "tags": {},
                "throughput": 0,
                "volume_id": "vol-0911ea0d8d0c51218",
                "volume_size": 8,
                "volume_type": "gp2"
              }
            ],
            "secondary_private_ips": [],
            "security_groups": [],
            "source_dest_check": true,
            "subnet_id": "subnet-051710d5245c842fd",
            "tags": {
              "Name": "Terraform-1"
            },
            "tags_all": {
              "Name": "Terraform-1"
            },
            "tenancy": "default",
            "timeouts": null,
            "user_data": "90f2eca7a7459a1ad0195a76d787b11811cacb11",
            "user_data_base64": null,
            "volume_tags": null,
            "vpc_security_group_ids": [
              "sg-0698350214876bcf0"
            ]
          },
          "sensitive_attributes": [],
          "private": "eyJlMmJmYjczMC1lY2FhLTExZTYtOGY4OC0zNDM2M2JjN2M0YzAiOnsiY3JlYXRlIjo2MDAwMDAwMDAwMDAsImRlbGV0ZSI6MTIwMDAwMDAwMDAwMCwidXBkYXRlIjo2MDAwMDAwMDAwMDB9LCJzY2hlbWFfdmVyc2lvbiI6IjEifQ==",
          "dependencies": [
            "aws_iam_instance_profile.vijay_profile",
            "aws_iam_role.access_role",
            "aws_security_group.public-SG",
            "aws_subnet.my-public-subnet",
            "aws_vpc.myvpc",
            "data.template_file.user-data"
          ]
        },
        {
          "index_key": 1,
          "schema_version": 1,
          "attributes": {
            "ami": "ami-017fecd1353bcc96e",
            "arn": "arn:aws:ec2:us-west-2:874981734016:instance/i-0a4ef02467a6a0886",
            "associate_public_ip_address": true,
            "availability_zone": "us-west-2a",
            "capacity_reservation_specification": [
              {
                "capacity_reservation_preference": "open",
                "capacity_reservation_target": []
              }
            ],
            "cpu_core_count": 2,
            "cpu_threads_per_core": 1,
            "credit_specification": [
              {
                "cpu_credits": "standard"
              }
            ],
            "disable_api_termination": false,
            "ebs_block_device": [],
            "ebs_optimized": false,
            "enclave_options": [
              {
                "enabled": false
              }
            ],
            "ephemeral_block_device": [],
            "get_password_data": false,
            "hibernation": false,
            "host_id": null,
            "iam_instance_profile": "vijay_profile",
            "id": "i-0a4ef02467a6a0886",
            "instance_initiated_shutdown_behavior": "stop",
            "instance_state": "running",
            "instance_type": "t2.medium",
            "ipv6_address_count": 0,
            "ipv6_addresses": [],
            "key_name": "ninaquad",
            "launch_template": [],
            "metadata_options": [
              {
                "http_endpoint": "enabled",
                "http_put_response_hop_limit": 1,
                "http_tokens": "optional",
                "instance_metadata_tags": "disabled"
              }
            ],
            "monitoring": false,
            "network_interface": [],
            "outpost_arn": "",
            "password_data": "",
            "placement_group": "",
            "placement_partition_number": null,
            "primary_network_interface_id": "eni-0b0397a2b1f408ba2",
            "private_dns": "ip-10-0-1-234.us-west-2.compute.internal",
            "private_ip": "10.0.1.234",
            "public_dns": "ec2-35-88-31-54.us-west-2.compute.amazonaws.com",
            "public_ip": "35.88.31.54",
            "root_block_device": [
              {
                "delete_on_termination": true,
                "device_name": "/dev/sda1",
                "encrypted": false,
                "iops": 100,
                "kms_key_id": "",
                "tags": {},
                "throughput": 0,
                "volume_id": "vol-0bd569609da8b106f",
                "volume_size": 8,
                "volume_type": "gp2"
              }
            ],
            "secondary_private_ips": [],
            "security_groups": [],
            "source_dest_check": true,
            "subnet_id": "subnet-051710d5245c842fd",
            "tags": {
              "Name": "Terraform-2"
            },
            "tags_all": {
              "Name": "Terraform-2"
            },
            "tenancy": "default",
            "timeouts": null,
            "user_data": "4eb34db1800205ae5ee3aa7f67e98cadd898c4d5",
            "user_data_base64": null,
            "volume_tags": null,
            "vpc_security_group_ids": [
              "sg-0698350214876bcf0"
            ]
          },
          "sensitive_attributes": [],
          "private": "eyJlMmJmYjczMC1lY2FhLTExZTYtOGY4OC0zNDM2M2JjN2M0YzAiOnsiY3JlYXRlIjo2MDAwMDAwMDAwMDAsImRlbGV0ZSI6MTIwMDAwMDAwMDAwMCwidXBkYXRlIjo2MDAwMDAwMDAwMDB9LCJzY2hlbWFfdmVyc2lvbiI6IjEifQ==",
          "dependencies": [
            "aws_iam_instance_profile.vijay_profile",
            "aws_iam_role.access_role",
            "aws_security_group.public-SG",
            "aws_subnet.my-public-subnet",
            "aws_vpc.myvpc",
            "data.template_file.user-data"
          ]
        },
        {
          "index_key": 2,
          "schema_version": 1,
          "attributes": {
            "ami": "ami-017fecd1353bcc96e",
            "arn": "arn:aws:ec2:us-west-2:874981734016:instance/i-0d7b256d4b22750e0",
            "associate_public_ip_address": true,
            "availability_zone": "us-west-2a",
            "capacity_reservation_specification": [
              {
                "capacity_reservation_preference": "open",
                "capacity_reservation_target": []
              }
            ],
            "cpu_core_count": 2,
            "cpu_threads_per_core": 1,
            "credit_specification": [
              {
                "cpu_credits": "standard"
              }
            ],
            "disable_api_termination": false,
            "ebs_block_device": [],
            "ebs_optimized": false,
            "enclave_options": [
              {
                "enabled": false
              }
            ],
            "ephemeral_block_device": [],
            "get_password_data": false,
            "hibernation": false,
            "host_id": null,
            "iam_instance_profile": "vijay_profile",
            "id": "i-0d7b256d4b22750e0",
            "instance_initiated_shutdown_behavior": "stop",
            "instance_state": "running",
            "instance_type": "t2.medium",
            "ipv6_address_count": 0,
            "ipv6_addresses": [],
            "key_name": "ninaquad",
            "launch_template": [],
            "metadata_options": [
              {
                "http_endpoint": "enabled",
                "http_put_response_hop_limit": 1,
                "http_tokens": "optional",
                "instance_metadata_tags": "disabled"
              }
            ],
            "monitoring": false,
            "network_interface": [],
            "outpost_arn": "",
            "password_data": "",
            "placement_group": "",
            "placement_partition_number": null,
            "primary_network_interface_id": "eni-06ec5bc4b144c99f5",
            "private_dns": "ip-10-0-1-23.us-west-2.compute.internal",
            "private_ip": "10.0.1.23",
            "public_dns": "ec2-54-244-196-106.us-west-2.compute.amazonaws.com",
            "public_ip": "54.244.196.106",
            "root_block_device": [
              {
                "delete_on_termination": true,
                "device_name": "/dev/sda1",
                "encrypted": false,
                "iops": 100,
                "kms_key_id": "",
                "tags": {},
                "throughput": 0,
                "volume_id": "vol-018823cb7b71939e6",
                "volume_size": 8,
                "volume_type": "gp2"
              }
            ],
            "secondary_private_ips": [],
            "security_groups": [],
            "source_dest_check": true,
            "subnet_id": "subnet-051710d5245c842fd",
            "tags": {
              "Name": "Terraform-3"
            },
            "tags_all": {
              "Name": "Terraform-3"
            },
            "tenancy": "default",
            "timeouts": null,
            "user_data": "c3f916019dcec966a95720fa82ae52f82ab9f262",
            "user_data_base64": null,
            "volume_tags": null,
            "vpc_security_group_ids": [
              "sg-0698350214876bcf0"
            ]
          },
          "sensitive_attributes": [],
          "private": "eyJlMmJmYjczMC1lY2FhLTExZTYtOGY4OC0zNDM2M2JjN2M0YzAiOnsiY3JlYXRlIjo2MDAwMDAwMDAwMDAsImRlbGV0ZSI6MTIwMDAwMDAwMDAwMCwidXBkYXRlIjo2MDAwMDAwMDAwMDB9LCJzY2hlbWFfdmVyc2lvbiI6IjEifQ==",
          "dependencies": [
            "aws_iam_instance_profile.vijay_profile",
            "aws_iam_role.access_role",
            "aws_security_group.public-SG",
            "aws_subnet.my-public-subnet",
            "aws_vpc.myvpc",
            "data.template_file.user-data"
          ]
        }
      ]
    },
    {
      "mode": "managed",
      "type": "aws_internet_gateway",
      "name": "myIGW",
      "provider": "provider[\"registry.terraform.io/hashicorp/aws\"]",
      "instances": [
        {
          "schema_version": 0,
          "attributes": {
            "arn": "arn:aws:ec2:us-west-2:874981734016:internet-gateway/igw-0ea912e1afcd91841",
            "id": "igw-0ea912e1afcd91841",
            "owner_id": "874981734016",
            "tags": {
              "Name": "myIGW"
            },
            "tags_all": {
              "Name": "myIGW"
            },
            "vpc_id": "vpc-0210d10e0eb28a66b"
          },
          "sensitive_attributes": [],
          "private": "bnVsbA==",
          "dependencies": [
            "aws_vpc.myvpc"
          ]
        }
      ]
    },
    {
      "mode": "managed",
      "type": "aws_route",
      "name": "vpc-public-route",
      "provider": "provider[\"registry.terraform.io/hashicorp/aws\"]",
      "instances": [
        {
          "schema_version": 0,
          "attributes": {
            "carrier_gateway_id": "",
            "destination_cidr_block": "0.0.0.0/0",
            "destination_ipv6_cidr_block": "",
            "destination_prefix_list_id": "",
            "egress_only_gateway_id": "",
            "gateway_id": "igw-0ea912e1afcd91841",
            "id": "r-rtb-027beecf7df8e1e991080289494",
            "instance_id": "",
            "instance_owner_id": "",
            "local_gateway_id": "",
            "nat_gateway_id": "",
            "network_interface_id": "",
            "origin": "CreateRoute",
            "route_table_id": "rtb-027beecf7df8e1e99",
            "state": "active",
            "timeouts": null,
            "transit_gateway_id": "",
            "vpc_endpoint_id": "",
            "vpc_peering_connection_id": ""
          },
          "sensitive_attributes": [],
          "private": "eyJlMmJmYjczMC1lY2FhLTExZTYtOGY4OC0zNDM2M2JjN2M0YzAiOnsiY3JlYXRlIjozMDAwMDAwMDAwMDAsImRlbGV0ZSI6MzAwMDAwMDAwMDAwLCJ1cGRhdGUiOjEyMDAwMDAwMDAwMH19",
          "dependencies": [
            "aws_internet_gateway.myIGW",
            "aws_route_table.my-public-RT",
            "aws_vpc.myvpc"
          ]
        }
      ]
    },
    {
      "mode": "managed",
      "type": "aws_route_table",
      "name": "my-public-RT",
      "provider": "provider[\"registry.terraform.io/hashicorp/aws\"]",
      "instances": [
        {
          "schema_version": 0,
          "attributes": {
            "arn": "arn:aws:ec2:us-west-2:874981734016:route-table/rtb-027beecf7df8e1e99",
            "id": "rtb-027beecf7df8e1e99",
            "owner_id": "874981734016",
            "propagating_vgws": [],
            "route": [],
            "tags": {
              "Name": "my-public-RT"
            },
            "tags_all": {
              "Name": "my-public-RT"
            },
            "timeouts": null,
            "vpc_id": "vpc-0210d10e0eb28a66b"
          },
          "sensitive_attributes": [],
          "private": "eyJlMmJmYjczMC1lY2FhLTExZTYtOGY4OC0zNDM2M2JjN2M0YzAiOnsiY3JlYXRlIjozMDAwMDAwMDAwMDAsImRlbGV0ZSI6MzAwMDAwMDAwMDAwLCJ1cGRhdGUiOjEyMDAwMDAwMDAwMH19",
          "dependencies": [
            "aws_vpc.myvpc"
          ]
        }
      ]
    },
    {
      "mode": "managed",
      "type": "aws_route_table_association",
      "name": "vpc-public-route-table-associate",
      "provider": "provider[\"registry.terraform.io/hashicorp/aws\"]",
      "instances": [
        {
          "schema_version": 0,
          "attributes": {
            "gateway_id": "",
            "id": "rtbassoc-0d7d1113a4e39c065",
            "route_table_id": "rtb-027beecf7df8e1e99",
            "subnet_id": "subnet-051710d5245c842fd"
          },
          "sensitive_attributes": [],
          "private": "bnVsbA==",
          "dependencies": [
            "aws_route_table.my-public-RT",
            "aws_subnet.my-public-subnet",
            "aws_vpc.myvpc"
          ]
        }
      ]
    },
    {
      "mode": "managed",
      "type": "aws_security_group",
      "name": "public-SG",
      "provider": "provider[\"registry.terraform.io/hashicorp/aws\"]",
      "instances": [
        {
          "schema_version": 1,
          "attributes": {
            "arn": "arn:aws:ec2:us-west-2:874981734016:security-group/sg-0698350214876bcf0",
            "description": "VPC public Security Group",
            "egress": [
              {
                "cidr_blocks": [
                  "0.0.0.0/0"
                ],
                "description": "Allow all IP and Ports Outbound",
                "from_port": 0,
                "ipv6_cidr_blocks": [],
                "prefix_list_ids": [],
                "protocol": "-1",
                "security_groups": [],
                "self": false,
                "to_port": 0
              }
            ],
            "id": "sg-0698350214876bcf0",
            "ingress": [
              {
                "cidr_blocks": [
                  "0.0.0.0/0"
                ],
                "description": "Allow Port 2181",
                "from_port": 2181,
                "ipv6_cidr_blocks": [],
                "prefix_list_ids": [],
                "protocol": "tcp",
                "security_groups": [],
                "self": false,
                "to_port": 2181
              },
              {
                "cidr_blocks": [
                  "0.0.0.0/0"
                ],
                "description": "Allow Port 22",
                "from_port": 22,
                "ipv6_cidr_blocks": [],
                "prefix_list_ids": [],
                "protocol": "tcp",
                "security_groups": [],
                "self": false,
                "to_port": 22
              },
              {
                "cidr_blocks": [
                  "0.0.0.0/0"
                ],
                "description": "Allow Port 2888",
                "from_port": 2888,
                "ipv6_cidr_blocks": [],
                "prefix_list_ids": [],
                "protocol": "tcp",
                "security_groups": [],
                "self": false,
                "to_port": 2888
              },
              {
                "cidr_blocks": [
                  "0.0.0.0/0"
                ],
                "description": "Allow Port 3888",
                "from_port": 3888,
                "ipv6_cidr_blocks": [],
                "prefix_list_ids": [],
                "protocol": "tcp",
                "security_groups": [],
                "self": false,
                "to_port": 3888
              },
              {
                "cidr_blocks": [
                  "0.0.0.0/0"
                ],
                "description": "Allow Port 443",
                "from_port": 443,
                "ipv6_cidr_blocks": [],
                "prefix_list_ids": [],
                "protocol": "tcp",
                "security_groups": [],
                "self": false,
                "to_port": 443
              },
              {
                "cidr_blocks": [
                  "0.0.0.0/0"
                ],
                "description": "Allow Port 80",
                "from_port": 80,
                "ipv6_cidr_blocks": [],
                "prefix_list_ids": [],
                "protocol": "tcp",
                "security_groups": [],
                "self": false,
                "to_port": 80
              },
              {
                "cidr_blocks": [
                  "0.0.0.0/0"
                ],
                "description": "Allow Port 9092 for plain kafka connections",
                "from_port": 9092,
                "ipv6_cidr_blocks": [],
                "prefix_list_ids": [],
                "protocol": "tcp",
                "security_groups": [],
                "self": false,
                "to_port": 9092
              },
              {
                "cidr_blocks": [
                  "0.0.0.0/0"
                ],
                "description": "Allow Port 9093 for ssl kafka connections",
                "from_port": 9093,
                "ipv6_cidr_blocks": [],
                "prefix_list_ids": [],
                "protocol": "tcp",
                "security_groups": [],
                "self": false,
                "to_port": 9093
              }
            ],
            "name": "myvpc-public-SG",
            "name_prefix": "",
            "owner_id": "874981734016",
            "revoke_rules_on_delete": false,
            "tags": null,
            "tags_all": {},
            "timeouts": null,
            "vpc_id": "vpc-0210d10e0eb28a66b"
          },
          "sensitive_attributes": [],
          "private": "eyJlMmJmYjczMC1lY2FhLTExZTYtOGY4OC0zNDM2M2JjN2M0YzAiOnsiY3JlYXRlIjo2MDAwMDAwMDAwMDAsImRlbGV0ZSI6OTAwMDAwMDAwMDAwfSwic2NoZW1hX3ZlcnNpb24iOiIxIn0=",
          "dependencies": [
            "aws_vpc.myvpc"
          ]
        }
      ]
    },
    {
      "mode": "managed",
      "type": "aws_ssm_parameter",
      "name": "private_ips",
      "provider": "provider[\"registry.terraform.io/hashicorp/aws\"]",
      "instances": [
        {
          "schema_version": 0,
          "attributes": {
            "allowed_pattern": "",
            "arn": "arn:aws:ssm:us-west-2:874981734016:parameter/test/private-ip",
            "data_type": "text",
            "description": "private ips",
            "id": "/test/private-ip",
            "key_id": "",
            "name": "/test/private-ip",
            "overwrite": null,
            "tags": {
              "environment": "Testing-private"
            },
            "tags_all": {
              "environment": "Testing-private"
            },
            "tier": "Standard",
            "type": "StringList",
            "value": "10.0.1.69,10.0.1.234,10.0.1.23",
            "version": 1
          },
          "sensitive_attributes": [],
          "private": "bnVsbA==",
          "dependencies": [
            "aws_iam_instance_profile.vijay_profile",
            "aws_iam_role.access_role",
            "aws_instance.VIJAY-TERRAFORM",
            "aws_security_group.public-SG",
            "aws_subnet.my-public-subnet",
            "aws_vpc.myvpc",
            "data.template_file.user-data"
          ]
        }
      ]
    },
    {
      "mode": "managed",
      "type": "aws_ssm_parameter",
      "name": "public_ips",
      "provider": "provider[\"registry.terraform.io/hashicorp/aws\"]",
      "instances": [
        {
          "schema_version": 0,
          "attributes": {
            "allowed_pattern": "",
            "arn": "arn:aws:ssm:us-west-2:874981734016:parameter/test/public-ip",
            "data_type": "text",
            "description": "public ips",
            "id": "/test/public-ip",
            "key_id": "",
            "name": "/test/public-ip",
            "overwrite": null,
            "tags": {
              "environment": "Testing-public"
            },
            "tags_all": {
              "environment": "Testing-public"
            },
            "tier": "Standard",
            "type": "StringList",
            "value": "52.42.163.6,35.88.31.54,54.244.196.106",
            "version": 1
          },
          "sensitive_attributes": [],
          "private": "bnVsbA==",
          "dependencies": [
            "aws_iam_instance_profile.vijay_profile",
            "aws_iam_role.access_role",
            "aws_instance.VIJAY-TERRAFORM",
            "aws_security_group.public-SG",
            "aws_subnet.my-public-subnet",
            "aws_vpc.myvpc",
            "data.template_file.user-data"
          ]
        }
      ]
    },
    {
      "mode": "managed",
      "type": "aws_subnet",
      "name": "my-public-subnet",
      "provider": "provider[\"registry.terraform.io/hashicorp/aws\"]",
      "instances": [
        {
          "schema_version": 1,
          "attributes": {
            "arn": "arn:aws:ec2:us-west-2:874981734016:subnet/subnet-051710d5245c842fd",
            "assign_ipv6_address_on_creation": false,
            "availability_zone": "us-west-2a",
            "availability_zone_id": "usw2-az2",
            "cidr_block": "10.0.1.0/24",
            "customer_owned_ipv4_pool": "",
            "enable_dns64": false,
            "enable_resource_name_dns_a_record_on_launch": false,
            "enable_resource_name_dns_aaaa_record_on_launch": false,
            "id": "subnet-051710d5245c842fd",
            "ipv6_cidr_block": "",
            "ipv6_cidr_block_association_id": "",
            "ipv6_native": false,
            "map_customer_owned_ip_on_launch": false,
            "map_public_ip_on_launch": true,
            "outpost_arn": "",
            "owner_id": "874981734016",
            "private_dns_hostname_type_on_launch": "ip-name",
            "tags": {
              "Name": "my-public-subnet"
            },
            "tags_all": {
              "Name": "my-public-subnet"
            },
            "timeouts": null,
            "vpc_id": "vpc-0210d10e0eb28a66b"
          },
          "sensitive_attributes": [],
          "private": "eyJlMmJmYjczMC1lY2FhLTExZTYtOGY4OC0zNDM2M2JjN2M0YzAiOnsiY3JlYXRlIjo2MDAwMDAwMDAwMDAsImRlbGV0ZSI6MTIwMDAwMDAwMDAwMH0sInNjaGVtYV92ZXJzaW9uIjoiMSJ9",
          "dependencies": [
            "aws_vpc.myvpc"
          ]
        }
      ]
    },
    {
      "mode": "managed",
      "type": "aws_vpc",
      "name": "myvpc",
      "provider": "provider[\"registry.terraform.io/hashicorp/aws\"]",
      "instances": [
        {
          "schema_version": 1,
          "attributes": {
            "arn": "arn:aws:ec2:us-west-2:874981734016:vpc/vpc-0210d10e0eb28a66b",
            "assign_generated_ipv6_cidr_block": false,
            "cidr_block": "10.0.0.0/16",
            "default_network_acl_id": "acl-04b24beaf784a8d5d",
            "default_route_table_id": "rtb-0d1d351cda99307b3",
            "default_security_group_id": "sg-0aec0ef2d3ca8b568",
            "dhcp_options_id": "dopt-077a34a3356ea52d3",
            "enable_classiclink": false,
            "enable_classiclink_dns_support": false,
            "enable_dns_hostnames": true,
            "enable_dns_support": true,
            "id": "vpc-0210d10e0eb28a66b",
            "instance_tenancy": "default",
            "ipv4_ipam_pool_id": null,
            "ipv4_netmask_length": null,
            "ipv6_association_id": "",
            "ipv6_cidr_block": "",
            "ipv6_cidr_block_network_border_group": "",
            "ipv6_ipam_pool_id": "",
            "ipv6_netmask_length": 0,
            "main_route_table_id": "rtb-0d1d351cda99307b3",
            "owner_id": "874981734016",
            "tags": {
              "Name": "myvpc"
            },
            "tags_all": {
              "Name": "myvpc"
            }
          },
          "sensitive_attributes": [],
          "private": "eyJzY2hlbWFfdmVyc2lvbiI6IjEifQ=="
        }
      ]
    },
    {
      "mode": "managed",
      "type": "null_resource",
      "name": "local_provisioners1",
      "provider": "provider[\"registry.terraform.io/hashicorp/null\"]",
      "instances": [
        {
          "index_key": 0,
          "schema_version": 0,
          "attributes": {
            "id": "946086024933784004",
            "triggers": null
          },
          "sensitive_attributes": [],
          "private": "bnVsbA==",
          "dependencies": [
            "aws_iam_instance_profile.vijay_profile",
            "aws_iam_role.access_role",
            "aws_instance.VIJAY-TERRAFORM",
            "aws_security_group.public-SG",
            "aws_ssm_parameter.private_ips",
            "aws_subnet.my-public-subnet",
            "aws_vpc.myvpc",
            "data.template_file.user-data"
          ]
        },
        {
          "index_key": 1,
          "schema_version": 0,
          "attributes": {
            "id": "3873931244525258135",
            "triggers": null
          },
          "sensitive_attributes": [],
          "private": "bnVsbA==",
          "dependencies": [
            "aws_iam_instance_profile.vijay_profile",
            "aws_iam_role.access_role",
            "aws_instance.VIJAY-TERRAFORM",
            "aws_security_group.public-SG",
            "aws_ssm_parameter.private_ips",
            "aws_subnet.my-public-subnet",
            "aws_vpc.myvpc",
            "data.template_file.user-data"
          ]
        },
        {
          "index_key": 2,
          "schema_version": 0,
          "attributes": {
            "id": "381777128665450754",
            "triggers": null
          },
          "sensitive_attributes": [],
          "private": "bnVsbA==",
          "dependencies": [
            "aws_iam_instance_profile.vijay_profile",
            "aws_iam_role.access_role",
            "aws_instance.VIJAY-TERRAFORM",
            "aws_security_group.public-SG",
            "aws_ssm_parameter.private_ips",
            "aws_subnet.my-public-subnet",
            "aws_vpc.myvpc",
            "data.template_file.user-data"
          ]
        }
      ]
    },
    {
      "mode": "managed",
      "type": "null_resource",
      "name": "local_provisioners2",
      "provider": "provider[\"registry.terraform.io/hashicorp/null\"]",
      "instances": [
        {
          "index_key": 0,
          "schema_version": 0,
          "attributes": {
            "id": "1812888621317514493",
            "triggers": null
          },
          "sensitive_attributes": [],
          "private": "bnVsbA==",
          "dependencies": [
            "aws_iam_instance_profile.vijay_profile",
            "aws_iam_role.access_role",
            "aws_instance.VIJAY-TERRAFORM",
            "aws_security_group.public-SG",
            "aws_ssm_parameter.public_ips",
            "aws_subnet.my-public-subnet",
            "aws_vpc.myvpc",
            "data.template_file.user-data"
          ]
        },
        {
          "index_key": 1,
          "schema_version": 0,
          "attributes": {
            "id": "1504276847205170477",
            "triggers": null
          },
          "sensitive_attributes": [],
          "private": "bnVsbA==",
          "dependencies": [
            "aws_iam_instance_profile.vijay_profile",
            "aws_iam_role.access_role",
            "aws_instance.VIJAY-TERRAFORM",
            "aws_security_group.public-SG",
            "aws_ssm_parameter.public_ips",
            "aws_subnet.my-public-subnet",
            "aws_vpc.myvpc",
            "data.template_file.user-data"
          ]
        },
        {
          "index_key": 2,
          "schema_version": 0,
          "attributes": {
            "id": "6040391211926323847",
            "triggers": null
          },
          "sensitive_attributes": [],
          "private": "bnVsbA==",
          "dependencies": [
            "aws_iam_instance_profile.vijay_profile",
            "aws_iam_role.access_role",
            "aws_instance.VIJAY-TERRAFORM",
            "aws_security_group.public-SG",
            "aws_ssm_parameter.public_ips",
            "aws_subnet.my-public-subnet",
            "aws_vpc.myvpc",
            "data.template_file.user-data"
          ]
        }
      ]
    }
  ],
  "check_results": []
}
